
Microsoft Visual Studio Solution File, Format Version 12.00
# Visual Studio Version 16
VisualStudioVersion = 16.0.810.14
MinimumVisualStudioVersion = 10.0.40219.1
Project("{FAE04EC0-301F-11D3-BF4B-00C04F79EFBC}") = "BooksAppWebFinalSubmission", "BooksAppWebFinalSubmission\BooksAppWebFinalSubmission.csproj", "{79358376-EBCB-4533-A031-1503F4C35D60}"
EndProject
Project("{FAE04EC0-301F-11D3-BF4B-00C04F79EFBC}") = "BooksAppApi", "BooksAppApi\BooksAppApi.csproj", "{0313EE68-64C2-4B0A-B543-D3CDDA055BD9}"
EndProject
Project("{FAE04EC0-301F-11D3-BF4B-00C04F79EFBC}") = "BooksAppWebTest", "BooksAppWebTest\BooksAppWebTest.csproj", "{F848A843-BD66-46D9-A400-44D022616BE4}"
EndProject
Global
	GlobalSection(SolutionConfigurationPlatforms) = preSolution
		Debug|Any CPU = Debug|Any CPU
		Release|Any CPU = Release|Any CPU
	EndGlobalSection
	GlobalSection(ProjectConfigurationPlatforms) = postSolution
		{79358376-EBCB-4533-A031-1503F4C35D60}.Debug|Any CPU.ActiveCfg = Debug|Any CPU
		{79358376-EBCB-4533-A031-1503F4C35D60}.Debug|Any CPU.Build.0 = Debug|Any CPU
		{79358376-EBCB-4533-A031-1503F4C35D60}.Release|Any CPU.ActiveCfg = Release|Any CPU
		{79358376-EBCB-4533-A031-1503F4C35D60}.Release|Any CPU.Build.0 = Release|Any CPU
		{0313EE68-64C2-4B0A-B543-D3CDDA055BD9}.Debug|Any CPU.ActiveCfg = Debug|Any CPU
		{0313EE68-64C2-4B0A-B543-D3CDDA055BD9}.Debug|Any CPU.Build.0 = Debug|Any CPU
		{0313EE68-64C2-4B0A-B543-D3CDDA055BD9}.Release|Any CPU.ActiveCfg = Release|Any CPU
		{0313EE68-64C2-4B0A-B543-D3CDDA055BD9}.Release|Any CPU.Build.0 = Release|Any CPU
		{F848A843-BD66-46D9-A400-44D022616BE4}.Debug|Any CPU.ActiveCfg = Debug|Any CPU
		{F848A843-BD66-46D9-A400-44D022616BE4}.Debug|Any CPU.Build.0 = Debug|Any CPU
		{F848A843-BD66-46D9-A400-44D022616BE4}.Release|Any CPU.ActiveCfg = Release|Any CPU
		{F848A843-BD66-46D9-A400-44D022616BE4}.Release|Any CPU.Build.0 = Release|Any CPU
	EndGlobalSection
	GlobalSection(SolutionProperties) = preSolution
		HideSolutionNode = FALSE
	EndGlobalSection
	GlobalSection(ExtensibilityGlobals) = postSolution
		SolutionGuid = {2303DD30-135D-4A5E-A14F-5617092FB4F2}
	EndGlobalSection
EndGlobal
