
Microsoft Visual Studio Solution File, Format Version 12.00
# Visual Studio Version 16
VisualStudioVersion = 16.0.810.14
MinimumVisualStudioVersion = 10.0.40219.1
Project("{FAE04EC0-301F-11D3-BF4B-00C04F79EFBC}") = "BooksAppWebFinalProject", "BooksAppWebFinalProject\BooksAppWebFinalProject.csproj", "{3DD4F799-317D-4265-BE9A-9E0BB56B8E0F}"
EndProject
Global
	GlobalSection(SolutionConfigurationPlatforms) = preSolution
		Debug|Any CPU = Debug|Any CPU
		Release|Any CPU = Release|Any CPU
	EndGlobalSection
	GlobalSection(ProjectConfigurationPlatforms) = postSolution
		{3DD4F799-317D-4265-BE9A-9E0BB56B8E0F}.Debug|Any CPU.ActiveCfg = Debug|Any CPU
		{3DD4F799-317D-4265-BE9A-9E0BB56B8E0F}.Debug|Any CPU.Build.0 = Debug|Any CPU
		{3DD4F799-317D-4265-BE9A-9E0BB56B8E0F}.Release|Any CPU.ActiveCfg = Release|Any CPU
		{3DD4F799-317D-4265-BE9A-9E0BB56B8E0F}.Release|Any CPU.Build.0 = Release|Any CPU
	EndGlobalSection
	GlobalSection(SolutionProperties) = preSolution
		HideSolutionNode = FALSE
	EndGlobalSection
	GlobalSection(ExtensibilityGlobals) = postSolution
		SolutionGuid = {B200A0DB-F07D-46E3-B838-A06DDEB25285}
	EndGlobalSection
EndGlobal
