
Microsoft Visual Studio Solution File, Format Version 12.00
# Visual Studio Version 16
VisualStudioVersion = 16.0.810.14
MinimumVisualStudioVersion = 10.0.40219.1
Project("{FAE04EC0-301F-11D3-BF4B-00C04F79EFBC}") = "Booksdatabase", "Booksdatabase\Booksdatabase.csproj", "{B069C7DA-C2A4-4C60-9412-141468F247EE}"
EndProject
Global
	GlobalSection(SolutionConfigurationPlatforms) = preSolution
		Debug|Any CPU = Debug|Any CPU
		Release|Any CPU = Release|Any CPU
	EndGlobalSection
	GlobalSection(ProjectConfigurationPlatforms) = postSolution
		{B069C7DA-C2A4-4C60-9412-141468F247EE}.Debug|Any CPU.ActiveCfg = Debug|Any CPU
		{B069C7DA-C2A4-4C60-9412-141468F247EE}.Debug|Any CPU.Build.0 = Debug|Any CPU
		{B069C7DA-C2A4-4C60-9412-141468F247EE}.Release|Any CPU.ActiveCfg = Release|Any CPU
		{B069C7DA-C2A4-4C60-9412-141468F247EE}.Release|Any CPU.Build.0 = Release|Any CPU
	EndGlobalSection
	GlobalSection(SolutionProperties) = preSolution
		HideSolutionNode = FALSE
	EndGlobalSection
	GlobalSection(ExtensibilityGlobals) = postSolution
		SolutionGuid = {4153DA51-1045-468F-8E55-F829DE2412E4}
	EndGlobalSection
EndGlobal
